// !$*UTF8*$!
{
	archiveVersion = 1;
	classes = {
	};
	objectVersion = 48;
	objects = {

/* Begin PBXBuildFile section */
		9D820D462029219C00E89CBE /* AppDelegate.swift in Sources */ = {isa = PBXBuildFile; fileRef = 9D820D452029219C00E89CBE /* AppDelegate.swift */; };
		9D820D482029219C00E89CBE /* ViewController.swift in Sources */ = {isa = PBXBuildFile; fileRef = 9D820D472029219C00E89CBE /* ViewController.swift */; };
		9D820D4B2029219C00E89CBE /* Main.storyboard in Resources */ = {isa = PBXBuildFile; fileRef = 9D820D492029219C00E89CBE /* Main.storyboard */; };
		9D820D4E2029219C00E89CBE /* singletonandtableview.xcdatamodeld in Sources */ = {isa = PBXBuildFile; fileRef = 9D820D4C2029219C00E89CBE /* singletonandtableview.xcdatamodeld */; };
		9D820D502029219C00E89CBE /* Assets.xcassets in Resources */ = {isa = PBXBuildFile; fileRef = 9D820D4F2029219C00E89CBE /* Assets.xcassets */; };
		9D820D532029219C00E89CBE /* LaunchScreen.storyboard in Resources */ = {isa = PBXBuildFile; fileRef = 9D820D512029219C00E89CBE /* LaunchScreen.storyboard */; };
		9D820D5E2029219C00E89CBE /* singletonandtableviewTests.swift in Sources */ = {isa = PBXBuildFile; fileRef = 9D820D5D2029219C00E89CBE /* singletonandtableviewTests.swift */; };
		9D820D692029219C00E89CBE /* singletonandtableviewUITests.swift in Sources */ = {isa = PBXBuildFile; fileRef = 9D820D682029219C00E89CBE /* singletonandtableviewUITests.swift */; };
		9D820D772029227000E89CBE /* tableTableViewController.swift in Sources */ = {isa = PBXBuildFile; fileRef = 9D820D762029227000E89CBE /* tableTableViewController.swift */; };
		9D820D792029231D00E89CBE /* TableViewCell.swift in Sources */ = {isa = PBXBuildFile; fileRef = 9D820D782029231D00E89CBE /* TableViewCell.swift */; };
		9D820D7F202927ED00E89CBE /* AppData.swift in Sources */ = {isa = PBXBuildFile; fileRef = 9D820D7E202927ED00E89CBE /* AppData.swift */; };
		9D820D81202932E400E89CBE /* itemView.swift in Sources */ = {isa = PBXBuildFile; fileRef = 9D820D80202932E400E89CBE /* itemView.swift */; };
/* End PBXBuildFile section */

/* Begin PBXContainerItemProxy section */
		9D820D5A2029219C00E89CBE /* PBXContainerItemProxy */ = {
			isa = PBXContainerItemProxy;
			containerPortal = 9D820D3A2029219C00E89CBE /* Project object */;
			proxyType = 1;
			remoteGlobalIDString = 9D820D412029219C00E89CBE;
			remoteInfo = singletonandtableview;
		};
		9D820D652029219C00E89CBE /* PBXContainerItemProxy */ = {
			isa = PBXContainerItemProxy;
			containerPortal = 9D820D3A2029219C00E89CBE /* Project object */;
			proxyType = 1;
			remoteGlobalIDString = 9D820D412029219C00E89CBE;
			remoteInfo = singletonandtableview;
		};
/* End PBXContainerItemProxy section */

/* Begin PBXFileReference section */
		9D820D422029219C00E89CBE /* singletonandtableview.app */ = {isa = PBXFileReference; explicitFileType = wrapper.application; includeInIndex = 0; path = singletonandtableview.app; sourceTree = BUILT_PRODUCTS_DIR; };
		9D820D452029219C00E89CBE /* AppDelegate.swift */ = {isa = PBXFileReference; lastKnownFileType = sourcecode.swift; path = AppDelegate.swift; sourceTree = "<group>"; };
		9D820D472029219C00E89CBE /* ViewController.swift */ = {isa = PBXFileReference; lastKnownFileType = sourcecode.swift; path = ViewController.swift; sourceTree = "<group>"; };
		9D820D4A2029219C00E89CBE /* Base */ = {isa = PBXFileReference; lastKnownFileType = file.storyboard; name = Base; path = Base.lproj/Main.storyboard; sourceTree = "<group>"; };
		9D820D4D2029219C00E89CBE /* singletonandtableview.xcdatamodel */ = {isa = PBXFileReference; lastKnownFileType = wrapper.xcdatamodel; path = singletonandtableview.xcdatamodel; sourceTree = "<group>"; };
		9D820D4F2029219C00E89CBE /* Assets.xcassets */ = {isa = PBXFileReference; lastKnownFileType = folder.assetcatalog; path = Assets.xcassets; sourceTree = "<group>"; };
		9D820D522029219C00E89CBE /* Base */ = {isa = PBXFileReference; lastKnownFileType = file.storyboard; name = Base; path = Base.lproj/LaunchScreen.storyboard; sourceTree = "<group>"; };
		9D820D542029219C00E89CBE /* Info.plist */ = {isa = PBXFileReference; lastKnownFileType = text.plist.xml; path = Info.plist; sourceTree = "<group>"; };
		9D820D592029219C00E89CBE /* singletonandtableviewTests.xctest */ = {isa = PBXFileReference; explicitFileType = wrapper.cfbundle; includeInIndex = 0; path = singletonandtableviewTests.xctest; sourceTree = BUILT_PRODUCTS_DIR; };
		9D820D5D2029219C00E89CBE /* singletonandtableviewTests.swift */ = {isa = PBXFileReference; lastKnownFileType = sourcecode.swift; path = singletonandtableviewTests.swift; sourceTree = "<group>"; };
		9D820D5F2029219C00E89CBE /* Info.plist */ = {isa = PBXFileReference; lastKnownFileType = text.plist.xml; path = Info.plist; sourceTree = "<group>"; };
		9D820D642029219C00E89CBE /* singletonandtableviewUITests.xctest */ = {isa = PBXFileReference; explicitFileType = wrapper.cfbundle; includeInIndex = 0; path = singletonandtableviewUITests.xctest; sourceTree = BUILT_PRODUCTS_DIR; };
		9D820D682029219C00E89CBE /* singletonandtableviewUITests.swift */ = {isa = PBXFileReference; lastKnownFileType = sourcecode.swift; path = singletonandtableviewUITests.swift; sourceTree = "<group>"; };
		9D820D6A2029219C00E89CBE /* Info.plist */ = {isa = PBXFileReference; lastKnownFileType = text.plist.xml; path = Info.plist; sourceTree = "<group>"; };
		9D820D762029227000E89CBE /* tableTableViewController.swift */ = {isa = PBXFileReference; lastKnownFileType = sourcecode.swift; path = tableTableViewController.swift; sourceTree = "<group>"; };
		9D820D782029231D00E89CBE /* TableViewCell.swift */ = {isa = PBXFileReference; lastKnownFileType = sourcecode.swift; path = TableViewCell.swift; sourceTree = "<group>"; };
		9D820D7E202927ED00E89CBE /* AppData.swift */ = {isa = PBXFileReference; lastKnownFileType = sourcecode.swift; path = AppData.swift; sourceTree = "<group>"; };
		9D820D80202932E400E89CBE /* itemView.swift */ = {isa = PBXFileReference; lastKnownFileType = sourcecode.swift; path = itemView.swift; sourceTree = "<group>"; };
/* End PBXFileReference section */

/* Begin PBXFrameworksBuildPhase section */
		9D820D3F2029219C00E89CBE /* Frameworks */ = {
			isa = PBXFrameworksBuildPhase;
			buildActionMask = 2147483647;
			files = (
			);
			runOnlyForDeploymentPostprocessing = 0;
		};
		9D820D562029219C00E89CBE /* Frameworks */ = {
			isa = PBXFrameworksBuildPhase;
			buildActionMask = 2147483647;
			files = (
			);
			runOnlyForDeploymentPostprocessing = 0;
		};
		9D820D612029219C00E89CBE /* Frameworks */ = {
			isa = PBXFrameworksBuildPhase;
			buildActionMask = 2147483647;
			files = (
			);
			runOnlyForDeploymentPostprocessing = 0;
		};
/* End PBXFrameworksBuildPhase section */

/* Begin PBXGroup section */
		9D820D392029219C00E89CBE = {
			isa = PBXGroup;
			children = (
				9D820D442029219C00E89CBE /* singletonandtableview */,
				9D820D5C2029219C00E89CBE /* singletonandtableviewTests */,
				9D820D672029219C00E89CBE /* singletonandtableviewUITests */,
				9D820D432029219C00E89CBE /* Products */,
			);
			sourceTree = "<group>";
		};
		9D820D432029219C00E89CBE /* Products */ = {
			isa = PBXGroup;
			children = (
				9D820D422029219C00E89CBE /* singletonandtableview.app */,
				9D820D592029219C00E89CBE /* singletonandtableviewTests.xctest */,
				9D820D642029219C00E89CBE /* singletonandtableviewUITests.xctest */,
			);
			name = Products;
			sourceTree = "<group>";
		};
		9D820D442029219C00E89CBE /* singletonandtableview */ = {
			isa = PBXGroup;
			children = (
				9D820D7E202927ED00E89CBE /* AppData.swift */,
				9D820D452029219C00E89CBE /* AppDelegate.swift */,
				9D820D472029219C00E89CBE /* ViewController.swift */,
				9D820D762029227000E89CBE /* tableTableViewController.swift */,
				9D820D492029219C00E89CBE /* Main.storyboard */,
				9D820D80202932E400E89CBE /* itemView.swift */,
				9D820D782029231D00E89CBE /* TableViewCell.swift */,
				9D820D4F2029219C00E89CBE /* Assets.xcassets */,
				9D820D512029219C00E89CBE /* LaunchScreen.storyboard */,
				9D820D542029219C00E89CBE /* Info.plist */,
				9D820D4C2029219C00E89CBE /* singletonandtableview.xcdatamodeld */,
			);
			path = singletonandtableview;
			sourceTree = "<group>";
		};
		9D820D5C2029219C00E89CBE /* singletonandtableviewTests */ = {
			isa = PBXGroup;
			children = (
				9D820D5D2029219C00E89CBE /* singletonandtableviewTests.swift */,
				9D820D5F2029219C00E89CBE /* Info.plist */,
			);
			path = singletonandtableviewTests;
			sourceTree = "<group>";
		};
		9D820D672029219C00E89CBE /* singletonandtableviewUITests */ = {
			isa = PBXGroup;
			children = (
				9D820D682029219C00E89CBE /* singletonandtableviewUITests.swift */,
				9D820D6A2029219C00E89CBE /* Info.plist */,
			);
			path = singletonandtableviewUITests;
			sourceTree = "<group>";
		};
/* End PBXGroup section */

/* Begin PBXNativeTarget section */
		9D820D412029219C00E89CBE /* singletonandtableview */ = {
			isa = PBXNativeTarget;
			buildConfigurationList = 9D820D6D2029219C00E89CBE /* Build configuration list for PBXNativeTarget "singletonandtableview" */;
			buildPhases = (
				9D820D3E2029219C00E89CBE /* Sources */,
				9D820D3F2029219C00E89CBE /* Frameworks */,
				9D820D402029219C00E89CBE /* Resources */,
			);
			buildRules = (
			);
			dependencies = (
			);
			name = singletonandtableview;
			productName = singletonandtableview;
			productReference = 9D820D422029219C00E89CBE /* singletonandtableview.app */;
			productType = "com.apple.product-type.application";
		};
		9D820D582029219C00E89CBE /* singletonandtableviewTests */ = {
			isa = PBXNativeTarget;
			buildConfigurationList = 9D820D702029219C00E89CBE /* Build configuration list for PBXNativeTarget "singletonandtableviewTests" */;
			buildPhases = (
				9D820D552029219C00E89CBE /* Sources */,
				9D820D562029219C00E89CBE /* Frameworks */,
				9D820D572029219C00E89CBE /* Resources */,
			);
			buildRules = (
			);
			dependencies = (
				9D820D5B2029219C00E89CBE /* PBXTargetDependency */,
			);
			name = singletonandtableviewTests;
			productName = singletonandtableviewTests;
			productReference = 9D820D592029219C00E89CBE /* singletonandtableviewTests.xctest */;
			productType = "com.apple.product-type.bundle.unit-test";
		};
		9D820D632029219C00E89CBE /* singletonandtableviewUITests */ = {
			isa = PBXNativeTarget;
			buildConfigurationList = 9D820D732029219C00E89CBE /* Build configuration list for PBXNativeTarget "singletonandtableviewUITests" */;
			buildPhases = (
				9D820D602029219C00E89CBE /* Sources */,
				9D820D612029219C00E89CBE /* Frameworks */,
				9D820D622029219C00E89CBE /* Resources */,
			);
			buildRules = (
			);
			dependencies = (
				9D820D662029219C00E89CBE /* PBXTargetDependency */,
			);
			name = singletonandtableviewUITests;
			productName = singletonandtableviewUITests;
			productReference = 9D820D642029219C00E89CBE /* singletonandtableviewUITests.xctest */;
			productType = "com.apple.product-type.bundle.ui-testing";
		};
/* End PBXNativeTarget section */

/* Begin PBXProject section */
		9D820D3A2029219C00E89CBE /* Project object */ = {
			isa = PBXProject;
			attributes = {
				LastSwiftUpdateCheck = 0920;
				LastUpgradeCheck = 0920;
				ORGANIZATIONNAME = iosclass;
				TargetAttributes = {
					9D820D412029219C00E89CBE = {
						CreatedOnToolsVersion = 9.2;
						ProvisioningStyle = Automatic;
					};
					9D820D582029219C00E89CBE = {
						CreatedOnToolsVersion = 9.2;
						ProvisioningStyle = Automatic;
						TestTargetID = 9D820D412029219C00E89CBE;
					};
					9D820D632029219C00E89CBE = {
						CreatedOnToolsVersion = 9.2;
						ProvisioningStyle = Automatic;
						TestTargetID = 9D820D412029219C00E89CBE;
					};
				};
			};
			buildConfigurationList = 9D820D3D2029219C00E89CBE /* Build configuration list for PBXProject "singletonandtableview" */;
			compatibilityVersion = "Xcode 8.0";
			developmentRegion = en;
			hasScannedForEncodings = 0;
			knownRegions = (
				en,
				Base,
			);
			mainGroup = 9D820D392029219C00E89CBE;
			productRefGroup = 9D820D432029219C00E89CBE /* Products */;
			projectDirPath = "";
			projectRoot = "";
			targets = (
				9D820D412029219C00E89CBE /* singletonandtableview */,
				9D820D582029219C00E89CBE /* singletonandtableviewTests */,
				9D820D632029219C00E89CBE /* singletonandtableviewUITests */,
			);
		};
/* End PBXProject section */

/* Begin PBXResourcesBuildPhase section */
		9D820D402029219C00E89CBE /* Resources */ = {
			isa = PBXResourcesBuildPhase;
			buildActionMask = 2147483647;
			files = (
				9D820D532029219C00E89CBE /* LaunchScreen.storyboard in Resources */,
				9D820D502029219C00E89CBE /* Assets.xcassets in Resources */,
				9D820D4B2029219C00E89CBE /* Main.storyboard in Resources */,
			);
			runOnlyForDeploymentPostprocessing = 0;
		};
		9D820D572029219C00E89CBE /* Resources */ = {
			isa = PBXResourcesBuildPhase;
			buildActionMask = 2147483647;
			files = (
			);
			runOnlyForDeploymentPostprocessing = 0;
		};
		9D820D622029219C00E89CBE /* Resources */ = {
			isa = PBXResourcesBuildPhase;
			buildActionMask = 2147483647;
			files = (
			);
			runOnlyForDeploymentPostprocessing = 0;
		};
/* End PBXResourcesBuildPhase section */

/* Begin PBXSourcesBuildPhase section */
		9D820D3E2029219C00E89CBE /* Sources */ = {
			isa = PBXSourcesBuildPhase;
			buildActionMask = 2147483647;
			files = (
				9D820D792029231D00E89CBE /* TableViewCell.swift in Sources */,
				9D820D772029227000E89CBE /* tableTableViewController.swift in Sources */,
				9D820D482029219C00E89CBE /* ViewController.swift in Sources */,
				9D820D4E2029219C00E89CBE /* singletonandtableview.xcdatamodeld in Sources */,
				9D820D462029219C00E89CBE /* AppDelegate.swift in Sources */,
				9D820D81202932E400E89CBE /* itemView.swift in Sources */,
				9D820D7F202927ED00E89CBE /* AppData.swift in Sources */,
			);
			runOnlyForDeploymentPostprocessing = 0;
		};
		9D820D552029219C00E89CBE /* Sources */ = {
			isa = PBXSourcesBuildPhase;
			buildActionMask = 2147483647;
			files = (
				9D820D5E2029219C00E89CBE /* singletonandtableviewTests.swift in Sources */,
			);
			runOnlyForDeploymentPostprocessing = 0;
		};
		9D820D602029219C00E89CBE /* Sources */ = {
			isa = PBXSourcesBuildPhase;
			buildActionMask = 2147483647;
			files = (
				9D820D692029219C00E89CBE /* singletonandtableviewUITests.swift in Sources */,
			);
			runOnlyForDeploymentPostprocessing = 0;
		};
/* End PBXSourcesBuildPhase section */

/* Begin PBXTargetDependency section */
		9D820D5B2029219C00E89CBE /* PBXTargetDependency */ = {
			isa = PBXTargetDependency;
			target = 9D820D412029219C00E89CBE /* singletonandtableview */;
			targetProxy = 9D820D5A2029219C00E89CBE /* PBXContainerItemProxy */;
		};
		9D820D662029219C00E89CBE /* PBXTargetDependency */ = {
			isa = PBXTargetDependency;
			target = 9D820D412029219C00E89CBE /* singletonandtableview */;
			targetProxy = 9D820D652029219C00E89CBE /* PBXContainerItemProxy */;
		};
/* End PBXTargetDependency section */

/* Begin PBXVariantGroup section */
		9D820D492029219C00E89CBE /* Main.storyboard */ = {
			isa = PBXVariantGroup;
			children = (
				9D820D4A2029219C00E89CBE /* Base */,
			);
			name = Main.storyboard;
			sourceTree = "<group>";
		};
		9D820D512029219C00E89CBE /* LaunchScreen.storyboard */ = {
			isa = PBXVariantGroup;
			children = (
				9D820D522029219C00E89CBE /* Base */,
			);
			name = LaunchScreen.storyboard;
			sourceTree = "<group>";
		};
/* End PBXVariantGroup section */

/* Begin XCBuildConfiguration section */
		9D820D6B2029219C00E89CBE /* Debug */ = {
			isa = XCBuildConfiguration;
			buildSettings = {
				ALWAYS_SEARCH_USER_PATHS = NO;
				CLANG_ANALYZER_NONNULL = YES;
				CLANG_ANALYZER_NUMBER_OBJECT_CONVERSION = YES_AGGRESSIVE;
				CLANG_CXX_LANGUAGE_STANDARD = "gnu++14";
				CLANG_CXX_LIBRARY = "libc++";
				CLANG_ENABLE_MODULES = YES;
				CLANG_ENABLE_OBJC_ARC = YES;
				CLANG_WARN_BLOCK_CAPTURE_AUTORELEASING = YES;
				CLANG_WARN_BOOL_CONVERSION = YES;
				CLANG_WARN_COMMA = YES;
				CLANG_WARN_CONSTANT_CONVERSION = YES;
				CLANG_WARN_DIRECT_OBJC_ISA_USAGE = YES_ERROR;
				CLANG_WARN_DOCUMENTATION_COMMENTS = YES;
				CLANG_WARN_EMPTY_BODY = YES;
				CLANG_WARN_ENUM_CONVERSION = YES;
				CLANG_WARN_INFINITE_RECURSION = YES;
				CLANG_WARN_INT_CONVERSION = YES;
				CLANG_WARN_NON_LITERAL_NULL_CONVERSION = YES;
				CLANG_WARN_OBJC_LITERAL_CONVERSION = YES;
				CLANG_WARN_OBJC_ROOT_CLASS = YES_ERROR;
				CLANG_WARN_RANGE_LOOP_ANALYSIS = YES;
				CLANG_WARN_STRICT_PROTOTYPES = YES;
				CLANG_WARN_SUSPICIOUS_MOVE = YES;
				CLANG_WARN_UNGUARDED_AVAILABILITY = YES_AGGRESSIVE;
				CLANG_WARN_UNREACHABLE_CODE = YES;
				CLANG_WARN__DUPLICATE_METHOD_MATCH = YES;
				CODE_SIGN_IDENTITY = "iPhone Developer";
				COPY_PHASE_STRIP = NO;
				DEBUG_INFORMATION_FORMAT = dwarf;
				ENABLE_STRICT_OBJC_MSGSEND = YES;
				ENABLE_TESTABILITY = YES;
				GCC_C_LANGUAGE_STANDARD = gnu11;
				GCC_DYNAMIC_NO_PIC = NO;
				GCC_NO_COMMON_BLOCKS = YES;
				GCC_OPTIMIZATION_LEVEL = 0;
				GCC_PREPROCESSOR_DEFINITIONS = (
					"DEBUG=1",
					"$(inherited)",
				);
				GCC_WARN_64_TO_32_BIT_CONVERSION = YES;
				GCC_WARN_ABOUT_RETURN_TYPE = YES_ERROR;
				GCC_WARN_UNDECLARED_SELECTOR = YES;
				GCC_WARN_UNINITIALIZED_AUTOS = YES_AGGRESSIVE;
				GCC_WARN_UNUSED_FUNCTION = YES;
				GCC_WARN_UNUSED_VARIABLE = YES;
				IPHONEOS_DEPLOYMENT_TARGET = 11.2;
				MTL_ENABLE_DEBUG_INFO = YES;
				ONLY_ACTIVE_ARCH = YES;
				SDKROOT = iphoneos;
				SWIFT_ACTIVE_COMPILATION_CONDITIONS = DEBUG;
				SWIFT_OPTIMIZATION_LEVEL = "-Onone";
			};
			name = Debug;
		};
		9D820D6C2029219C00E89CBE /* Release */ = {
			isa = XCBuildConfiguration;
			buildSettings = {
				ALWAYS_SEARCH_USER_PATHS = NO;
				CLANG_ANALYZER_NONNULL = YES;
				CLANG_ANALYZER_NUMBER_OBJECT_CONVERSION = YES_AGGRESSIVE;
				CLANG_CXX_LANGUAGE_STANDARD = "gnu++14";
				CLANG_CXX_LIBRARY = "libc++";
				CLANG_ENABLE_MODULES = YES;
				CLANG_ENABLE_OBJC_ARC = YES;
				CLANG_WARN_BLOCK_CAPTURE_AUTORELEASING = YES;
				CLANG_WARN_BOOL_CONVERSION = YES;
				CLANG_WARN_COMMA = YES;
				CLANG_WARN_CONSTANT_CONVERSION = YES;
				CLANG_WARN_DIRECT_OBJC_ISA_USAGE = YES_ERROR;
				CLANG_WARN_DOCUMENTATION_COMMENTS = YES;
				CLANG_WARN_EMPTY_BODY = YES;
				CLANG_WARN_ENUM_CONVERSION = YES;
				CLANG_WARN_INFINITE_RECURSION = YES;
				CLANG_WARN_INT_CONVERSION = YES;
				CLANG_WARN_NON_LITERAL_NULL_CONVERSION = YES;
				CLANG_WARN_OBJC_LITERAL_CONVERSION = YES;
				CLANG_WARN_OBJC_ROOT_CLASS = YES_ERROR;
				CLANG_WARN_RANGE_LOOP_ANALYSIS = YES;
				CLANG_WARN_STRICT_PROTOTYPES = YES;
				CLANG_WARN_SUSPICIOUS_MOVE = YES;
				CLANG_WARN_UNGUARDED_AVAILABILITY = YES_AGGRESSIVE;
				CLANG_WARN_UNREACHABLE_CODE = YES;
				CLANG_WARN__DUPLICATE_METHOD_MATCH = YES;
				CODE_SIGN_IDENTITY = "iPhone Developer";
				COPY_PHASE_STRIP = NO;
				DEBUG_INFORMATION_FORMAT = "dwarf-with-dsym";
				ENABLE_NS_ASSERTIONS = NO;
				ENABLE_STRICT_OBJC_MSGSEND = YES;
				GCC_C_LANGUAGE_STANDARD = gnu11;
				GCC_NO_COMMON_BLOCKS = YES;
				GCC_WARN_64_TO_32_BIT_CONVERSION = YES;
				GCC_WARN_ABOUT_RETURN_TYPE = YES_ERROR;
				GCC_WARN_UNDECLARED_SELECTOR = YES;
				GCC_WARN_UNINITIALIZED_AUTOS = YES_AGGRESSIVE;
				GCC_WARN_UNUSED_FUNCTION = YES;
				GCC_WARN_UNUSED_VARIABLE = YES;
				IPHONEOS_DEPLOYMENT_TARGET = 11.2;
				MTL_ENABLE_DEBUG_INFO = NO;
				SDKROOT = iphoneos;
				SWIFT_OPTIMIZATION_LEVEL = "-Owholemodule";
				VALIDATE_PRODUCT = YES;
			};
			name = Release;
		};
		9D820D6E2029219C00E89CBE /* Debug */ = {
			isa = XCBuildConfiguration;
			buildSettings = {
				ASSETCATALOG_COMPILER_APPICON_NAME = AppIcon;
				CODE_SIGN_STYLE = Automatic;
				INFOPLIST_FILE = singletonandtableview/Info.plist;
				LD_RUNPATH_SEARCH_PATHS = "$(inherited) @executable_path/Frameworks";
				PRODUCT_BUNDLE_IDENTIFIER = edu.uw.washington.singletonandtableview;
				PRODUCT_NAME = "$(TARGET_NAME)";
				SWIFT_VERSION = 4.0;
				TARGETED_DEVICE_FAMILY = "1,2";
			};
			name = Debug;
		};
		9D820D6F2029219C00E89CBE /* Release */ = {
			isa = XCBuildConfiguration;
			buildSettings = {
				ASSETCATALOG_COMPILER_APPICON_NAME = AppIcon;
				CODE_SIGN_STYLE = Automatic;
				INFOPLIST_FILE = singletonandtableview/Info.plist;
				LD_RUNPATH_SEARCH_PATHS = "$(inherited) @executable_path/Frameworks";
				PRODUCT_BUNDLE_IDENTIFIER = edu.uw.washington.singletonandtableview;
				PRODUCT_NAME = "$(TARGET_NAME)";
				SWIFT_VERSION = 4.0;
				TARGETED_DEVICE_FAMILY = "1,2";
			};
			name = Release;
		};
		9D820D712029219C00E89CBE /* Debug */ = {
			isa = XCBuildConfiguration;
			buildSettings = {
				ALWAYS_EMBED_SWIFT_STANDARD_LIBRARIES = YES;
				BUNDLE_LOADER = "$(TEST_HOST)";
				CODE_SIGN_STYLE = Automatic;
				INFOPLIST_FILE = singletonandtableviewTests/Info.plist;
				LD_RUNPATH_SEARCH_PATHS = "$(inherited) @executable_path/Frameworks @loader_path/Frameworks";
				PRODUCT_BUNDLE_IDENTIFIER = edu.uw.washington.singletonandtableviewTests;
				PRODUCT_NAME = "$(TARGET_NAME)";
				SWIFT_VERSION = 4.0;
				TARGETED_DEVICE_FAMILY = "1,2";
				TEST_HOST = "$(BUILT_PRODUCTS_DIR)/singletonandtableview.app/singletonandtableview";
			};
			name = Debug;
		};
		9D820D722029219C00E89CBE /* Release */ = {
			isa = XCBuildConfiguration;
			buildSettings = {
				ALWAYS_EMBED_SWIFT_STANDARD_LIBRARIES = YES;
				BUNDLE_LOADER = "$(TEST_HOST)";
				CODE_SIGN_STYLE = Automatic;
				INFOPLIST_FILE = singletonandtableviewTests/Info.plist;
				LD_RUNPATH_SEARCH_PATHS = "$(inherited) @executable_path/Frameworks @loader_path/Frameworks";
				PRODUCT_BUNDLE_IDENTIFIER = edu.uw.washington.singletonandtableviewTests;
				PRODUCT_NAME = "$(TARGET_NAME)";
				SWIFT_VERSION = 4.0;
				TARGETED_DEVICE_FAMILY = "1,2";
				TEST_HOST = "$(BUILT_PRODUCTS_DIR)/singletonandtableview.app/singletonandtableview";
			};
			name = Release;
		};
		9D820D742029219C00E89CBE /* Debug */ = {
			isa = XCBuildConfiguration;
			buildSettings = {
				ALWAYS_EMBED_SWIFT_STANDARD_LIBRARIES = YES;
				CODE_SIGN_STYLE = Automatic;
				INFOPLIST_FILE = singletonandtableviewUITests/Info.plist;
				LD_RUNPATH_SEARCH_PATHS = "$(inherited) @executable_path/Frameworks @loader_path/Frameworks";
				PRODUCT_BUNDLE_IDENTIFIER = edu.uw.washington.singletonandtableviewUITests;
				PRODUCT_NAME = "$(TARGET_NAME)";
				SWIFT_VERSION = 4.0;
				TARGETED_DEVICE_FAMILY = "1,2";
				TEST_TARGET_NAME = singletonandtableview;
			};
			name = Debug;
		};
		9D820D752029219C00E89CBE /* Release */ = {
			isa = XCBuildConfiguration;
			buildSettings = {
				ALWAYS_EMBED_SWIFT_STANDARD_LIBRARIES = YES;
				CODE_SIGN_STYLE = Automatic;
				INFOPLIST_FILE = singletonandtableviewUITests/Info.plist;
				LD_RUNPATH_SEARCH_PATHS = "$(inherited) @executable_path/Frameworks @loader_path/Frameworks";
				PRODUCT_BUNDLE_IDENTIFIER = edu.uw.washington.singletonandtableviewUITests;
				PRODUCT_NAME = "$(TARGET_NAME)";
				SWIFT_VERSION = 4.0;
				TARGETED_DEVICE_FAMILY = "1,2";
				TEST_TARGET_NAME = singletonandtableview;
			};
			name = Release;
		};
/* End XCBuildConfiguration section */

/* Begin XCConfigurationList section */
		9D820D3D2029219C00E89CBE /* Build configuration list for PBXProject "singletonandtableview" */ = {
			isa = XCConfigurationList;
			buildConfigurations = (
				9D820D6B2029219C00E89CBE /* Debug */,
				9D820D6C2029219C00E89CBE /* Release */,
			);
			defaultConfigurationIsVisible = 0;
			defaultConfigurationName = Release;
		};
		9D820D6D2029219C00E89CBE /* Build configuration list for PBXNativeTarget "singletonandtableview" */ = {
			isa = XCConfigurationList;
			buildConfigurations = (
				9D820D6E2029219C00E89CBE /* Debug */,
				9D820D6F2029219C00E89CBE /* Release */,
			);
			defaultConfigurationIsVisible = 0;
			defaultConfigurationName = Release;
		};
		9D820D702029219C00E89CBE /* Build configuration list for PBXNativeTarget "singletonandtableviewTests" */ = {
			isa = XCConfigurationList;
			buildConfigurations = (
				9D820D712029219C00E89CBE /* Debug */,
				9D820D722029219C00E89CBE /* Release */,
			);
			defaultConfigurationIsVisible = 0;
			defaultConfigurationName = Release;
		};
		9D820D732029219C00E89CBE /* Build configuration list for PBXNativeTarget "singletonandtableviewUITests" */ = {
			isa = XCConfigurationList;
			buildConfigurations = (
				9D820D742029219C00E89CBE /* Debug */,
				9D820D752029219C00E89CBE /* Release */,
			);
			defaultConfigurationIsVisible = 0;
			defaultConfigurationName = Release;
		};
/* End XCConfigurationList section */

/* Begin XCVersionGroup section */
		9D820D4C2029219C00E89CBE /* singletonandtableview.xcdatamodeld */ = {
			isa = XCVersionGroup;
			children = (
				9D820D4D2029219C00E89CBE /* singletonandtableview.xcdatamodel */,
			);
			currentVersion = 9D820D4D2029219C00E89CBE /* singletonandtableview.xcdatamodel */;
			path = singletonandtableview.xcdatamodeld;
			sourceTree = "<group>";
			versionGroupType = wrapper.xcdatamodel;
		};
/* End XCVersionGroup section */
	};
	rootObject = 9D820D3A2029219C00E89CBE /* Project object */;
}
